// !$*UTF8*$!
{
	archiveVersion = 1;
	classes = {
	};
	objectVersion = 77;
	objects = {

/* Begin PBXBuildFile section */
		E494B0BE2DB7610A0092EE4E /* FirebaseAuth in Frameworks */ = {isa = PBXBuildFile; productRef = E494B0BD2DB7610A0092EE4E /* FirebaseAuth */; };
		E494B0C02DB7610A0092EE4E /* FirebaseCore in Frameworks */ = {isa = PBXBuildFile; productRef = E494B0BF2DB7610A0092EE4E /* FirebaseCore */; };
		E494B0C22DB7610A0092EE4E /* FirebaseDatabase in Frameworks */ = {isa = PBXBuildFile; productRef = E494B0C12DB7610A0092EE4E /* FirebaseDatabase */; };
		E494B0C42DB7610A0092EE4E /* FirebaseFirestore in Frameworks */ = {isa = PBXBuildFile; productRef = E494B0C32DB7610A0092EE4E /* FirebaseFirestore */; };
		E494B0C62DB7610A0092EE4E /* FirebaseFirestoreCombine-Community in Frameworks */ = {isa = PBXBuildFile; productRef = E494B0C52DB7610A0092EE4E /* FirebaseFirestoreCombine-Community */; };
		E494B0C82DB7610A0092EE4E /* FirebaseFunctions in Frameworks */ = {isa = PBXBuildFile; productRef = E494B0C72DB7610A0092EE4E /* FirebaseFunctions */; };
		E494B0CA2DB7610A0092EE4E /* FirebaseInAppMessaging-Beta in Frameworks */ = {isa = PBXBuildFile; productRef = E494B0C92DB7610A0092EE4E /* FirebaseInAppMessaging-Beta */; };
		E494B0CC2DB7610A0092EE4E /* FirebaseMessaging in Frameworks */ = {isa = PBXBuildFile; productRef = E494B0CB2DB7610A0092EE4E /* FirebaseMessaging */; };
		E494B0CE2DB763620092EE4E /* GoogleService-Info.plist in Resources */ = {isa = PBXBuildFile; fileRef = E494B0CD2DB763620092EE4E /* GoogleService-Info.plist */; };
/* End PBXBuildFile section */

/* Begin PBXContainerItemProxy section */
		E42459C72DB75B4200B4A4F3 /* PBXContainerItemProxy */ = {
			isa = PBXContainerItemProxy;
			containerPortal = E42459AE2DB75B4100B4A4F3 /* Project object */;
			proxyType = 1;
			remoteGlobalIDString = E42459B52DB75B4100B4A4F3;
			remoteInfo = "lib ms";
		};
		E42459D12DB75B4200B4A4F3 /* PBXContainerItemProxy */ = {
			isa = PBXContainerItemProxy;
			containerPortal = E42459AE2DB75B4100B4A4F3 /* Project object */;
			proxyType = 1;
			remoteGlobalIDString = E42459B52DB75B4100B4A4F3;
			remoteInfo = "lib ms";
		};
/* End PBXContainerItemProxy section */

/* Begin PBXFileReference section */
		E42459B62DB75B4100B4A4F3 /* lib ms.app */ = {isa = PBXFileReference; explicitFileType = wrapper.application; includeInIndex = 0; path = "lib ms.app"; sourceTree = BUILT_PRODUCTS_DIR; };
		E42459C62DB75B4200B4A4F3 /* lib msTests.xctest */ = {isa = PBXFileReference; explicitFileType = wrapper.cfbundle; includeInIndex = 0; path = "lib msTests.xctest"; sourceTree = BUILT_PRODUCTS_DIR; };
		E42459D02DB75B4200B4A4F3 /* lib msUITests.xctest */ = {isa = PBXFileReference; explicitFileType = wrapper.cfbundle; includeInIndex = 0; path = "lib msUITests.xctest"; sourceTree = BUILT_PRODUCTS_DIR; };
		E494B0CD2DB763620092EE4E /* GoogleService-Info.plist */ = {isa = PBXFileReference; lastKnownFileType = text.plist.xml; path = "GoogleService-Info.plist"; sourceTree = "<group>"; };
/* End PBXFileReference section */

/* Begin PBXFileSystemSynchronizedBuildFileExceptionSet section */
		E494B0D22DB765E30092EE4E /* Exceptions for "lib ms" folder in "lib ms" target */ = {
			isa = PBXFileSystemSynchronizedBuildFileExceptionSet;
			membershipExceptions = (
				.swift,
			);
			target = E42459B52DB75B4100B4A4F3 /* lib ms */;
		};
/* End PBXFileSystemSynchronizedBuildFileExceptionSet section */

/* Begin PBXFileSystemSynchronizedGroupBuildPhaseMembershipExceptionSet section */
		E494B0D32DB765E30092EE4E /* Exceptions for "lib ms" folder in "Compile Sources" phase from "lib ms" target */ = {
			isa = PBXFileSystemSynchronizedGroupBuildPhaseMembershipExceptionSet;
			buildPhase = E42459B22DB75B4100B4A4F3 /* Sources */;
			membershipExceptions = (
				.swift,
			);
		};
/* End PBXFileSystemSynchronizedGroupBuildPhaseMembershipExceptionSet section */

/* Begin PBXFileSystemSynchronizedRootGroup section */
		E42459B82DB75B4100B4A4F3 /* lib ms */ = {
			isa = PBXFileSystemSynchronizedRootGroup;
			exceptions = (
				E494B0D22DB765E30092EE4E /* Exceptions for "lib ms" folder in "lib ms" target */,
				E494B0D32DB765E30092EE4E /* Exceptions for "lib ms" folder in "Compile Sources" phase from "lib ms" target */,
			);
			path = "lib ms";
			sourceTree = "<group>";
		};
		E42459C92DB75B4200B4A4F3 /* lib msTests */ = {
			isa = PBXFileSystemSynchronizedRootGroup;
			path = "lib msTests";
			sourceTree = "<group>";
		};
		E42459D32DB75B4200B4A4F3 /* lib msUITests */ = {
			isa = PBXFileSystemSynchronizedRootGroup;
			path = "lib msUITests";
			sourceTree = "<group>";
		};
/* End PBXFileSystemSynchronizedRootGroup section */

/* Begin PBXFrameworksBuildPhase section */
		E42459B32DB75B4100B4A4F3 /* Frameworks */ = {
			isa = PBXFrameworksBuildPhase;
			buildActionMask = 2147483647;
			files = (
				E494B0CC2DB7610A0092EE4E /* FirebaseMessaging in Frameworks */,
				E494B0C22DB7610A0092EE4E /* FirebaseDatabase in Frameworks */,
				E494B0CA2DB7610A0092EE4E /* FirebaseInAppMessaging-Beta in Frameworks */,
				E494B0C42DB7610A0092EE4E /* FirebaseFirestore in Frameworks */,
				E494B0C02DB7610A0092EE4E /* FirebaseCore in Frameworks */,
				E494B0C82DB7610A0092EE4E /* FirebaseFunctions in Frameworks */,
				E494B0C62DB7610A0092EE4E /* FirebaseFirestoreCombine-Community in Frameworks */,
				E494B0BE2DB7610A0092EE4E /* FirebaseAuth in Frameworks */,
			);
			runOnlyForDeploymentPostprocessing = 0;
		};
		E42459C32DB75B4200B4A4F3 /* Frameworks */ = {
			isa = PBXFrameworksBuildPhase;
			buildActionMask = 2147483647;
			files = (
			);
			runOnlyForDeploymentPostprocessing = 0;
		};
		E42459CD2DB75B4200B4A4F3 /* Frameworks */ = {
			isa = PBXFrameworksBuildPhase;
			buildActionMask = 2147483647;
			files = (
			);
			runOnlyForDeploymentPostprocessing = 0;
		};
/* End PBXFrameworksBuildPhase section */

/* Begin PBXGroup section */
		E42459AD2DB75B4100B4A4F3 = {
			isa = PBXGroup;
			children = (
				E42459B82DB75B4100B4A4F3 /* lib ms */,
				E42459C92DB75B4200B4A4F3 /* lib msTests */,
				E42459D32DB75B4200B4A4F3 /* lib msUITests */,
				E42459B72DB75B4100B4A4F3 /* Products */,
				E494B0CD2DB763620092EE4E /* GoogleService-Info.plist */,
			);
			sourceTree = "<group>";
		};
		E42459B72DB75B4100B4A4F3 /* Products */ = {
			isa = PBXGroup;
			children = (
				E42459B62DB75B4100B4A4F3 /* lib ms.app */,
				E42459C62DB75B4200B4A4F3 /* lib msTests.xctest */,
				E42459D02DB75B4200B4A4F3 /* lib msUITests.xctest */,
			);
			name = Products;
			sourceTree = "<group>";
		};
/* End PBXGroup section */

/* Begin PBXNativeTarget section */
		E42459B52DB75B4100B4A4F3 /* lib ms */ = {
			isa = PBXNativeTarget;
			buildConfigurationList = E42459DA2DB75B4200B4A4F3 /* Build configuration list for PBXNativeTarget "lib ms" */;
			buildPhases = (
				E42459B22DB75B4100B4A4F3 /* Sources */,
				E42459B32DB75B4100B4A4F3 /* Frameworks */,
				E42459B42DB75B4100B4A4F3 /* Resources */,
			);
			buildRules = (
			);
			dependencies = (
			);
			fileSystemSynchronizedGroups = (
				E42459B82DB75B4100B4A4F3 /* lib ms */,
			);
			name = "lib ms";
			packageProductDependencies = (
				E494B0BD2DB7610A0092EE4E /* FirebaseAuth */,
				E494B0BF2DB7610A0092EE4E /* FirebaseCore */,
				E494B0C12DB7610A0092EE4E /* FirebaseDatabase */,
				E494B0C32DB7610A0092EE4E /* FirebaseFirestore */,
				E494B0C52DB7610A0092EE4E /* FirebaseFirestoreCombine-Community */,
				E494B0C72DB7610A0092EE4E /* FirebaseFunctions */,
				E494B0C92DB7610A0092EE4E /* FirebaseInAppMessaging-Beta */,
				E494B0CB2DB7610A0092EE4E /* FirebaseMessaging */,
			);
			productName = "lib ms";
			productReference = E42459B62DB75B4100B4A4F3 /* lib ms.app */;
			productType = "com.apple.product-type.application";
		};
		E42459C52DB75B4200B4A4F3 /* lib msTests */ = {
			isa = PBXNativeTarget;
			buildConfigurationList = E42459DD2DB75B4200B4A4F3 /* Build configuration list for PBXNativeTarget "lib msTests" */;
			buildPhases = (
				E42459C22DB75B4200B4A4F3 /* Sources */,
				E42459C32DB75B4200B4A4F3 /* Frameworks */,
				E42459C42DB75B4200B4A4F3 /* Resources */,
			);
			buildRules = (
			);
			dependencies = (
				E42459C82DB75B4200B4A4F3 /* PBXTargetDependency */,
			);
			fileSystemSynchronizedGroups = (
				E42459C92DB75B4200B4A4F3 /* lib msTests */,
			);
			name = "lib msTests";
			packageProductDependencies = (
			);
			productName = "lib msTests";
			productReference = E42459C62DB75B4200B4A4F3 /* lib msTests.xctest */;
			productType = "com.apple.product-type.bundle.unit-test";
		};
		E42459CF2DB75B4200B4A4F3 /* lib msUITests */ = {
			isa = PBXNativeTarget;
			buildConfigurationList = E42459E02DB75B4200B4A4F3 /* Build configuration list for PBXNativeTarget "lib msUITests" */;
			buildPhases = (
				E42459CC2DB75B4200B4A4F3 /* Sources */,
				E42459CD2DB75B4200B4A4F3 /* Frameworks */,
				E42459CE2DB75B4200B4A4F3 /* Resources */,
			);
			buildRules = (
			);
			dependencies = (
				E42459D22DB75B4200B4A4F3 /* PBXTargetDependency */,
			);
			fileSystemSynchronizedGroups = (
				E42459D32DB75B4200B4A4F3 /* lib msUITests */,
			);
			name = "lib msUITests";
			packageProductDependencies = (
			);
			productName = "lib msUITests";
			productReference = E42459D02DB75B4200B4A4F3 /* lib msUITests.xctest */;
			productType = "com.apple.product-type.bundle.ui-testing";
		};
/* End PBXNativeTarget section */

/* Begin PBXProject section */
		E42459AE2DB75B4100B4A4F3 /* Project object */ = {
			isa = PBXProject;
			attributes = {
				BuildIndependentTargetsInParallel = 1;
				LastSwiftUpdateCheck = 1600;
				LastUpgradeCheck = 1600;
				TargetAttributes = {
					E42459B52DB75B4100B4A4F3 = {
						CreatedOnToolsVersion = 16.0;
					};
					E42459C52DB75B4200B4A4F3 = {
						CreatedOnToolsVersion = 16.0;
						TestTargetID = E42459B52DB75B4100B4A4F3;
					};
					E42459CF2DB75B4200B4A4F3 = {
						CreatedOnToolsVersion = 16.0;
						TestTargetID = E42459B52DB75B4100B4A4F3;
					};
				};
			};
			buildConfigurationList = E42459B12DB75B4100B4A4F3 /* Build configuration list for PBXProject "lib ms" */;
			developmentRegion = en;
			hasScannedForEncodings = 0;
			knownRegions = (
				en,
				Base,
			);
			mainGroup = E42459AD2DB75B4100B4A4F3;
			minimizedProjectReferenceProxies = 1;
			packageReferences = (
				E494B0BC2DB7610A0092EE4E /* XCRemoteSwiftPackageReference "firebase-ios-sdk" */,
			);
			preferredProjectObjectVersion = 77;
			productRefGroup = E42459B72DB75B4100B4A4F3 /* Products */;
			projectDirPath = "";
			projectRoot = "";
			targets = (
				E42459B52DB75B4100B4A4F3 /* lib ms */,
				E42459C52DB75B4200B4A4F3 /* lib msTests */,
				E42459CF2DB75B4200B4A4F3 /* lib msUITests */,
			);
		};
/* End PBXProject section */

/* Begin PBXResourcesBuildPhase section */
		E42459B42DB75B4100B4A4F3 /* Resources */ = {
			isa = PBXResourcesBuildPhase;
			buildActionMask = 2147483647;
			files = (
				E494B0CE2DB763620092EE4E /* GoogleService-Info.plist in Resources */,
			);
			runOnlyForDeploymentPostprocessing = 0;
		};
		E42459C42DB75B4200B4A4F3 /* Resources */ = {
			isa = PBXResourcesBuildPhase;
			buildActionMask = 2147483647;
			files = (
			);
			runOnlyForDeploymentPostprocessing = 0;
		};
		E42459CE2DB75B4200B4A4F3 /* Resources */ = {
			isa = PBXResourcesBuildPhase;
			buildActionMask = 2147483647;
			files = (
			);
			runOnlyForDeploymentPostprocessing = 0;
		};
/* End PBXResourcesBuildPhase section */

/* Begin PBXSourcesBuildPhase section */
		E42459B22DB75B4100B4A4F3 /* Sources */ = {
			isa = PBXSourcesBuildPhase;
			buildActionMask = 2147483647;
			files = (
			);
			runOnlyForDeploymentPostprocessing = 0;
		};
		E42459C22DB75B4200B4A4F3 /* Sources */ = {
			isa = PBXSourcesBuildPhase;
			buildActionMask = 2147483647;
			files = (
			);
			runOnlyForDeploymentPostprocessing = 0;
		};
		E42459CC2DB75B4200B4A4F3 /* Sources */ = {
			isa = PBXSourcesBuildPhase;
			buildActionMask = 2147483647;
			files = (
			);
			runOnlyForDeploymentPostprocessing = 0;
		};
/* End PBXSourcesBuildPhase section */

/* Begin PBXTargetDependency section */
		E42459C82DB75B4200B4A4F3 /* PBXTargetDependency */ = {
			isa = PBXTargetDependency;
			target = E42459B52DB75B4100B4A4F3 /* lib ms */;
			targetProxy = E42459C72DB75B4200B4A4F3 /* PBXContainerItemProxy */;
		};
		E42459D22DB75B4200B4A4F3 /* PBXTargetDependency */ = {
			isa = PBXTargetDependency;
			target = E42459B52DB75B4100B4A4F3 /* lib ms */;
			targetProxy = E42459D12DB75B4200B4A4F3 /* PBXContainerItemProxy */;
		};
/* End PBXTargetDependency section */

/* Begin XCBuildConfiguration section */
		E42459D82DB75B4200B4A4F3 /* Debug */ = {
			isa = XCBuildConfiguration;
			buildSettings = {
				ALWAYS_SEARCH_USER_PATHS = NO;
				ASSETCATALOG_COMPILER_GENERATE_SWIFT_ASSET_SYMBOL_EXTENSIONS = YES;
				CLANG_ANALYZER_NONNULL = YES;
				CLANG_ANALYZER_NUMBER_OBJECT_CONVERSION = YES_AGGRESSIVE;
				CLANG_CXX_LANGUAGE_STANDARD = "gnu++20";
				CLANG_ENABLE_MODULES = YES;
				CLANG_ENABLE_OBJC_ARC = YES;
				CLANG_ENABLE_OBJC_WEAK = YES;
				CLANG_WARN_BLOCK_CAPTURE_AUTORELEASING = YES;
				CLANG_WARN_BOOL_CONVERSION = YES;
				CLANG_WARN_COMMA = YES;
				CLANG_WARN_CONSTANT_CONVERSION = YES;
				CLANG_WARN_DEPRECATED_OBJC_IMPLEMENTATIONS = YES;
				CLANG_WARN_DIRECT_OBJC_ISA_USAGE = YES_ERROR;
				CLANG_WARN_DOCUMENTATION_COMMENTS = YES;
				CLANG_WARN_EMPTY_BODY = YES;
				CLANG_WARN_ENUM_CONVERSION = YES;
				CLANG_WARN_INFINITE_RECURSION = YES;
				CLANG_WARN_INT_CONVERSION = YES;
				CLANG_WARN_NON_LITERAL_NULL_CONVERSION = YES;
				CLANG_WARN_OBJC_IMPLICIT_RETAIN_SELF = YES;
				CLANG_WARN_OBJC_LITERAL_CONVERSION = YES;
				CLANG_WARN_OBJC_ROOT_CLASS = YES_ERROR;
				CLANG_WARN_QUOTED_INCLUDE_IN_FRAMEWORK_HEADER = YES;
				CLANG_WARN_RANGE_LOOP_ANALYSIS = YES;
				CLANG_WARN_STRICT_PROTOTYPES = YES;
				CLANG_WARN_SUSPICIOUS_MOVE = YES;
				CLANG_WARN_UNGUARDED_AVAILABILITY = YES_AGGRESSIVE;
				CLANG_WARN_UNREACHABLE_CODE = YES;
				CLANG_WARN__DUPLICATE_METHOD_MATCH = YES;
				COPY_PHASE_STRIP = NO;
				DEBUG_INFORMATION_FORMAT = dwarf;
				ENABLE_STRICT_OBJC_MSGSEND = YES;
				ENABLE_TESTABILITY = YES;
				ENABLE_USER_SCRIPT_SANDBOXING = YES;
				GCC_C_LANGUAGE_STANDARD = gnu17;
				GCC_DYNAMIC_NO_PIC = NO;
				GCC_NO_COMMON_BLOCKS = YES;
				GCC_OPTIMIZATION_LEVEL = 0;
				GCC_PREPROCESSOR_DEFINITIONS = (
					"DEBUG=1",
					"$(inherited)",
				);
				GCC_WARN_64_TO_32_BIT_CONVERSION = YES;
				GCC_WARN_ABOUT_RETURN_TYPE = YES_ERROR;
				GCC_WARN_UNDECLARED_SELECTOR = YES;
				GCC_WARN_UNINITIALIZED_AUTOS = YES_AGGRESSIVE;
				GCC_WARN_UNUSED_FUNCTION = YES;
				GCC_WARN_UNUSED_VARIABLE = YES;
				IPHONEOS_DEPLOYMENT_TARGET = 18.0;
				LOCALIZATION_PREFERS_STRING_CATALOGS = YES;
				MTL_ENABLE_DEBUG_INFO = INCLUDE_SOURCE;
				MTL_FAST_MATH = YES;
				ONLY_ACTIVE_ARCH = YES;
				SDKROOT = iphoneos;
				SWIFT_ACTIVE_COMPILATION_CONDITIONS = "DEBUG $(inherited)";
				SWIFT_OPTIMIZATION_LEVEL = "-Onone";
			};
			name = Debug;
		};
		E42459D92DB75B4200B4A4F3 /* Release */ = {
			isa = XCBuildConfiguration;
			buildSettings = {
				ALWAYS_SEARCH_USER_PATHS = NO;
				ASSETCATALOG_COMPILER_GENERATE_SWIFT_ASSET_SYMBOL_EXTENSIONS = YES;
				CLANG_ANALYZER_NONNULL = YES;
				CLANG_ANALYZER_NUMBER_OBJECT_CONVERSION = YES_AGGRESSIVE;
				CLANG_CXX_LANGUAGE_STANDARD = "gnu++20";
				CLANG_ENABLE_MODULES = YES;
				CLANG_ENABLE_OBJC_ARC = YES;
				CLANG_ENABLE_OBJC_WEAK = YES;
				CLANG_WARN_BLOCK_CAPTURE_AUTORELEASING = YES;
				CLANG_WARN_BOOL_CONVERSION = YES;
				CLANG_WARN_COMMA = YES;
				CLANG_WARN_CONSTANT_CONVERSION = YES;
				CLANG_WARN_DEPRECATED_OBJC_IMPLEMENTATIONS = YES;
				CLANG_WARN_DIRECT_OBJC_ISA_USAGE = YES_ERROR;
				CLANG_WARN_DOCUMENTATION_COMMENTS = YES;
				CLANG_WARN_EMPTY_BODY = YES;
				CLANG_WARN_ENUM_CONVERSION = YES;
				CLANG_WARN_INFINITE_RECURSION = YES;
				CLANG_WARN_INT_CONVERSION = YES;
				CLANG_WARN_NON_LITERAL_NULL_CONVERSION = YES;
				CLANG_WARN_OBJC_IMPLICIT_RETAIN_SELF = YES;
				CLANG_WARN_OBJC_LITERAL_CONVERSION = YES;
				CLANG_WARN_OBJC_ROOT_CLASS = YES_ERROR;
				CLANG_WARN_QUOTED_INCLUDE_IN_FRAMEWORK_HEADER = YES;
				CLANG_WARN_RANGE_LOOP_ANALYSIS = YES;
				CLANG_WARN_STRICT_PROTOTYPES = YES;
				CLANG_WARN_SUSPICIOUS_MOVE = YES;
				CLANG_WARN_UNGUARDED_AVAILABILITY = YES_AGGRESSIVE;
				CLANG_WARN_UNREACHABLE_CODE = YES;
				CLANG_WARN__DUPLICATE_METHOD_MATCH = YES;
				COPY_PHASE_STRIP = NO;
				DEBUG_INFORMATION_FORMAT = "dwarf-with-dsym";
				ENABLE_NS_ASSERTIONS = NO;
				ENABLE_STRICT_OBJC_MSGSEND = YES;
				ENABLE_USER_SCRIPT_SANDBOXING = YES;
				GCC_C_LANGUAGE_STANDARD = gnu17;
				GCC_NO_COMMON_BLOCKS = YES;
				GCC_WARN_64_TO_32_BIT_CONVERSION = YES;
				GCC_WARN_ABOUT_RETURN_TYPE = YES_ERROR;
				GCC_WARN_UNDECLARED_SELECTOR = YES;
				GCC_WARN_UNINITIALIZED_AUTOS = YES_AGGRESSIVE;
				GCC_WARN_UNUSED_FUNCTION = YES;
				GCC_WARN_UNUSED_VARIABLE = YES;
				IPHONEOS_DEPLOYMENT_TARGET = 18.0;
				LOCALIZATION_PREFERS_STRING_CATALOGS = YES;
				MTL_ENABLE_DEBUG_INFO = NO;
				MTL_FAST_MATH = YES;
				SDKROOT = iphoneos;
				SWIFT_COMPILATION_MODE = wholemodule;
				VALIDATE_PRODUCT = YES;
			};
			name = Release;
		};
		E42459DB2DB75B4200B4A4F3 /* Debug */ = {
			isa = XCBuildConfiguration;
			buildSettings = {
				ASSETCATALOG_COMPILER_APPICON_NAME = AppIcon;
				ASSETCATALOG_COMPILER_GLOBAL_ACCENT_COLOR_NAME = AccentColor;
				CODE_SIGN_STYLE = Automatic;
				CURRENT_PROJECT_VERSION = 1;
				DEVELOPMENT_ASSET_PATHS = "\"lib ms/Preview Content\"";
				DEVELOPMENT_TEAM = 8895CBSLSH;
				ENABLE_PREVIEWS = YES;
				GENERATE_INFOPLIST_FILE = YES;
				INFOPLIST_KEY_UIApplicationSceneManifest_Generation = YES;
				INFOPLIST_KEY_UIApplicationSupportsIndirectInputEvents = YES;
				INFOPLIST_KEY_UILaunchScreen_Generation = YES;
				INFOPLIST_KEY_UISupportedInterfaceOrientations_iPad = "UIInterfaceOrientationPortrait UIInterfaceOrientationPortraitUpsideDown UIInterfaceOrientationLandscapeLeft UIInterfaceOrientationLandscapeRight";
				INFOPLIST_KEY_UISupportedInterfaceOrientations_iPhone = "UIInterfaceOrientationPortrait UIInterfaceOrientationLandscapeLeft UIInterfaceOrientationLandscapeRight";
				LD_RUNPATH_SEARCH_PATHS = (
					"$(inherited)",
					"@executable_path/Frameworks",
				);
				MARKETING_VERSION = 1.0;
				PRODUCT_BUNDLE_IDENTIFIER = "LM.lib-ms";
				PRODUCT_NAME = "$(TARGET_NAME)";
				SWIFT_EMIT_LOC_STRINGS = YES;
				SWIFT_VERSION = 5.0;
				TARGETED_DEVICE_FAMILY = "1,2";
			};
			name = Debug;
		};
		E42459DC2DB75B4200B4A4F3 /* Release */ = {
			isa = XCBuildConfiguration;
			buildSettings = {
				ASSETCATALOG_COMPILER_APPICON_NAME = AppIcon;
				ASSETCATALOG_COMPILER_GLOBAL_ACCENT_COLOR_NAME = AccentColor;
				CODE_SIGN_STYLE = Automatic;
				CURRENT_PROJECT_VERSION = 1;
				DEVELOPMENT_ASSET_PATHS = "\"lib ms/Preview Content\"";
				DEVELOPMENT_TEAM = 8895CBSLSH;
				ENABLE_PREVIEWS = YES;
				GENERATE_INFOPLIST_FILE = YES;
				INFOPLIST_KEY_UIApplicationSceneManifest_Generation = YES;
				INFOPLIST_KEY_UIApplicationSupportsIndirectInputEvents = YES;
				INFOPLIST_KEY_UILaunchScreen_Generation = YES;
				INFOPLIST_KEY_UISupportedInterfaceOrientations_iPad = "UIInterfaceOrientationPortrait UIInterfaceOrientationPortraitUpsideDown UIInterfaceOrientationLandscapeLeft UIInterfaceOrientationLandscapeRight";
				INFOPLIST_KEY_UISupportedInterfaceOrientations_iPhone = "UIInterfaceOrientationPortrait UIInterfaceOrientationLandscapeLeft UIInterfaceOrientationLandscapeRight";
				LD_RUNPATH_SEARCH_PATHS = (
					"$(inherited)",
					"@executable_path/Frameworks",
				);
				MARKETING_VERSION = 1.0;
				PRODUCT_BUNDLE_IDENTIFIER = "LM.lib-ms";
				PRODUCT_NAME = "$(TARGET_NAME)";
				SWIFT_EMIT_LOC_STRINGS = YES;
				SWIFT_VERSION = 5.0;
				TARGETED_DEVICE_FAMILY = "1,2";
			};
			name = Release;
		};
		E42459DE2DB75B4200B4A4F3 /* Debug */ = {
			isa = XCBuildConfiguration;
			buildSettings = {
				BUNDLE_LOADER = "$(TEST_HOST)";
				CODE_SIGN_STYLE = Automatic;
				CURRENT_PROJECT_VERSION = 1;
				GENERATE_INFOPLIST_FILE = YES;
				IPHONEOS_DEPLOYMENT_TARGET = 18.0;
				MARKETING_VERSION = 1.0;
				PRODUCT_BUNDLE_IDENTIFIER = "LM.lib-msTests";
				PRODUCT_NAME = "$(TARGET_NAME)";
				SWIFT_EMIT_LOC_STRINGS = NO;
				SWIFT_VERSION = 5.0;
				TARGETED_DEVICE_FAMILY = "1,2";
				TEST_HOST = "$(BUILT_PRODUCTS_DIR)/lib ms.app/$(BUNDLE_EXECUTABLE_FOLDER_PATH)/lib ms";
			};
			name = Debug;
		};
		E42459DF2DB75B4200B4A4F3 /* Release */ = {
			isa = XCBuildConfiguration;
			buildSettings = {
				BUNDLE_LOADER = "$(TEST_HOST)";
				CODE_SIGN_STYLE = Automatic;
				CURRENT_PROJECT_VERSION = 1;
				GENERATE_INFOPLIST_FILE = YES;
				IPHONEOS_DEPLOYMENT_TARGET = 18.0;
				MARKETING_VERSION = 1.0;
				PRODUCT_BUNDLE_IDENTIFIER = "LM.lib-msTests";
				PRODUCT_NAME = "$(TARGET_NAME)";
				SWIFT_EMIT_LOC_STRINGS = NO;
				SWIFT_VERSION = 5.0;
				TARGETED_DEVICE_FAMILY = "1,2";
				TEST_HOST = "$(BUILT_PRODUCTS_DIR)/lib ms.app/$(BUNDLE_EXECUTABLE_FOLDER_PATH)/lib ms";
			};
			name = Release;
		};
		E42459E12DB75B4200B4A4F3 /* Debug */ = {
			isa = XCBuildConfiguration;
			buildSettings = {
				CODE_SIGN_STYLE = Automatic;
				CURRENT_PROJECT_VERSION = 1;
				GENERATE_INFOPLIST_FILE = YES;
				MARKETING_VERSION = 1.0;
				PRODUCT_BUNDLE_IDENTIFIER = "LM.lib-msUITests";
				PRODUCT_NAME = "$(TARGET_NAME)";
				SWIFT_EMIT_LOC_STRINGS = NO;
				SWIFT_VERSION = 5.0;
				TARGETED_DEVICE_FAMILY = "1,2";
				TEST_TARGET_NAME = "lib ms";
			};
			name = Debug;
		};
		E42459E22DB75B4200B4A4F3 /* Release */ = {
			isa = XCBuildConfiguration;
			buildSettings = {
				CODE_SIGN_STYLE = Automatic;
				CURRENT_PROJECT_VERSION = 1;
				GENERATE_INFOPLIST_FILE = YES;
				MARKETING_VERSION = 1.0;
				PRODUCT_BUNDLE_IDENTIFIER = "LM.lib-msUITests";
				PRODUCT_NAME = "$(TARGET_NAME)";
				SWIFT_EMIT_LOC_STRINGS = NO;
				SWIFT_VERSION = 5.0;
				TARGETED_DEVICE_FAMILY = "1,2";
				TEST_TARGET_NAME = "lib ms";
			};
			name = Release;
		};
/* End XCBuildConfiguration section */

/* Begin XCConfigurationList section */
		E42459B12DB75B4100B4A4F3 /* Build configuration list for PBXProject "lib ms" */ = {
			isa = XCConfigurationList;
			buildConfigurations = (
				E42459D82DB75B4200B4A4F3 /* Debug */,
				E42459D92DB75B4200B4A4F3 /* Release */,
			);
			defaultConfigurationIsVisible = 0;
			defaultConfigurationName = Release;
		};
		E42459DA2DB75B4200B4A4F3 /* Build configuration list for PBXNativeTarget "lib ms" */ = {
			isa = XCConfigurationList;
			buildConfigurations = (
				E42459DB2DB75B4200B4A4F3 /* Debug */,
				E42459DC2DB75B4200B4A4F3 /* Release */,
			);
			defaultConfigurationIsVisible = 0;
			defaultConfigurationName = Release;
		};
		E42459DD2DB75B4200B4A4F3 /* Build configuration list for PBXNativeTarget "lib msTests" */ = {
			isa = XCConfigurationList;
			buildConfigurations = (
				E42459DE2DB75B4200B4A4F3 /* Debug */,
				E42459DF2DB75B4200B4A4F3 /* Release */,
			);
			defaultConfigurationIsVisible = 0;
			defaultConfigurationName = Release;
		};
		E42459E02DB75B4200B4A4F3 /* Build configuration list for PBXNativeTarget "lib msUITests" */ = {
			isa = XCConfigurationList;
			buildConfigurations = (
				E42459E12DB75B4200B4A4F3 /* Debug */,
				E42459E22DB75B4200B4A4F3 /* Release */,
			);
			defaultConfigurationIsVisible = 0;
			defaultConfigurationName = Release;
		};
/* End XCConfigurationList section */

/* Begin XCRemoteSwiftPackageReference section */
		E494B0BC2DB7610A0092EE4E /* XCRemoteSwiftPackageReference "firebase-ios-sdk" */ = {
			isa = XCRemoteSwiftPackageReference;
			repositoryURL = "https://github.com/firebase/firebase-ios-sdk.git";
			requirement = {
				kind = upToNextMajorVersion;
				minimumVersion = 11.12.0;
			};
		};
/* End XCRemoteSwiftPackageReference section */

/* Begin XCSwiftPackageProductDependency section */
		E494B0BD2DB7610A0092EE4E /* FirebaseAuth */ = {
			isa = XCSwiftPackageProductDependency;
			package = E494B0BC2DB7610A0092EE4E /* XCRemoteSwiftPackageReference "firebase-ios-sdk" */;
			productName = FirebaseAuth;
		};
		E494B0BF2DB7610A0092EE4E /* FirebaseCore */ = {
			isa = XCSwiftPackageProductDependency;
			package = E494B0BC2DB7610A0092EE4E /* XCRemoteSwiftPackageReference "firebase-ios-sdk" */;
			productName = FirebaseCore;
		};
		E494B0C12DB7610A0092EE4E /* FirebaseDatabase */ = {
			isa = XCSwiftPackageProductDependency;
			package = E494B0BC2DB7610A0092EE4E /* XCRemoteSwiftPackageReference "firebase-ios-sdk" */;
			productName = FirebaseDatabase;
		};
		E494B0C32DB7610A0092EE4E /* FirebaseFirestore */ = {
			isa = XCSwiftPackageProductDependency;
			package = E494B0BC2DB7610A0092EE4E /* XCRemoteSwiftPackageReference "firebase-ios-sdk" */;
			productName = FirebaseFirestore;
		};
		E494B0C52DB7610A0092EE4E /* FirebaseFirestoreCombine-Community */ = {
			isa = XCSwiftPackageProductDependency;
			package = E494B0BC2DB7610A0092EE4E /* XCRemoteSwiftPackageReference "firebase-ios-sdk" */;
			productName = "FirebaseFirestoreCombine-Community";
		};
		E494B0C72DB7610A0092EE4E /* FirebaseFunctions */ = {
			isa = XCSwiftPackageProductDependency;
			package = E494B0BC2DB7610A0092EE4E /* XCRemoteSwiftPackageReference "firebase-ios-sdk" */;
			productName = FirebaseFunctions;
		};
		E494B0C92DB7610A0092EE4E /* FirebaseInAppMessaging-Beta */ = {
			isa = XCSwiftPackageProductDependency;
			package = E494B0BC2DB7610A0092EE4E /* XCRemoteSwiftPackageReference "firebase-ios-sdk" */;
			productName = "FirebaseInAppMessaging-Beta";
		};
		E494B0CB2DB7610A0092EE4E /* FirebaseMessaging */ = {
			isa = XCSwiftPackageProductDependency;
			package = E494B0BC2DB7610A0092EE4E /* XCRemoteSwiftPackageReference "firebase-ios-sdk" */;
			productName = FirebaseMessaging;
		};
/* End XCSwiftPackageProductDependency section */
	};
	rootObject = E42459AE2DB75B4100B4A4F3 /* Project object */;
}
